
Microsoft Visual Studio Solution File, Format Version 12.00
# Visual Studio Version 17
VisualStudioVersion = 17.8.34511.84
MinimumVisualStudioVersion = 10.0.40219.1
Project("{9A19103F-16F7-4668-BE54-9A1E7A4F7556}") = "View.UI", "View\View.UI.csproj", "{84E65538-747C-4570-A243-404E7E0E35EC}"
	ProjectSection(ProjectDependencies) = postProject
		{2B84B041-BFAE-41F4-A428-E827FC33712E} = {2B84B041-BFAE-41F4-A428-E827FC33712E}
		{4600A612-CA8E-4AC2-8167-799D367D4999} = {4600A612-CA8E-4AC2-8167-799D367D4999}
		{B2986D6F-160A-4553-9B80-90FF0809EC3E} = {B2986D6F-160A-4553-9B80-90FF0809EC3E}
	EndProjectSection
EndProject
Project("{2150E333-8FDC-42A3-9474-1A3956D46DE8}") = "View.UIs", "View.UIs", "{4C9FE7E1-64B3-4C07-BB82-9CE60672011C}"
EndProject
Project("{2150E333-8FDC-42A3-9474-1A3956D46DE8}") = "View.APIs", "View.APIs", "{C7A4F3BA-A5DD-4DE2-88F3-4868DCB86305}"
EndProject
Project("{FAE04EC0-301F-11D3-BF4B-00C04F79EFBC}") = "View.API", "View.API\View.API.csproj", "{4600A612-CA8E-4AC2-8167-799D367D4999}"
	ProjectSection(ProjectDependencies) = postProject
		{27E4C7D5-6135-40BD-B38B-71FDFBF87359} = {27E4C7D5-6135-40BD-B38B-71FDFBF87359}
		{4A9A0018-499E-4C45-9D3E-F38404E4D2E9} = {4A9A0018-499E-4C45-9D3E-F38404E4D2E9}
		{8ED7F7CC-BD73-4DF7-BB07-7CE7A369C929} = {8ED7F7CC-BD73-4DF7-BB07-7CE7A369C929}
	EndProjectSection
EndProject
Project("{FAE04EC0-301F-11D3-BF4B-00C04F79EFBC}") = "View.Model", "View.Model\View.Model.csproj", "{4A9A0018-499E-4C45-9D3E-F38404E4D2E9}"
EndProject
Project("{FAE04EC0-301F-11D3-BF4B-00C04F79EFBC}") = "View.Repository", "View.Repository\View.Repository.csproj", "{8ED7F7CC-BD73-4DF7-BB07-7CE7A369C929}"
	ProjectSection(ProjectDependencies) = postProject
		{4A9A0018-499E-4C45-9D3E-F38404E4D2E9} = {4A9A0018-499E-4C45-9D3E-F38404E4D2E9}
	EndProjectSection
EndProject
Project("{FAE04EC0-301F-11D3-BF4B-00C04F79EFBC}") = "View.DTO", "View.DTO\View.DTO.csproj", "{27E4C7D5-6135-40BD-B38B-71FDFBF87359}"
EndProject
Project("{2150E333-8FDC-42A3-9474-1A3956D46DE8}") = "View.CoreFeatures", "View.CoreFeatures", "{36E3243E-12F6-49CB-AEF8-C3B0AB53A063}"
EndProject
Project("{FAE04EC0-301F-11D3-BF4B-00C04F79EFBC}") = "View.DataConnection", "View.DataConnection\View.DataConnection.csproj", "{B2986D6F-160A-4553-9B80-90FF0809EC3E}"
EndProject
Project("{FAE04EC0-301F-11D3-BF4B-00C04F79EFBC}") = "View.Graphs", "View.Graphs\View.Graphs.csproj", "{2B84B041-BFAE-41F4-A428-E827FC33712E}"
	ProjectSection(ProjectDependencies) = postProject
		{B2986D6F-160A-4553-9B80-90FF0809EC3E} = {B2986D6F-160A-4553-9B80-90FF0809EC3E}
	EndProjectSection
EndProject
Global
	GlobalSection(SolutionConfigurationPlatforms) = preSolution
		Debug|Any CPU = Debug|Any CPU
		Release|Any CPU = Release|Any CPU
	EndGlobalSection
	GlobalSection(ProjectConfigurationPlatforms) = postSolution
		{84E65538-747C-4570-A243-404E7E0E35EC}.Debug|Any CPU.ActiveCfg = Debug|Any CPU
		{84E65538-747C-4570-A243-404E7E0E35EC}.Debug|Any CPU.Build.0 = Debug|Any CPU
		{84E65538-747C-4570-A243-404E7E0E35EC}.Debug|Any CPU.Deploy.0 = Debug|Any CPU
		{84E65538-747C-4570-A243-404E7E0E35EC}.Release|Any CPU.ActiveCfg = Release|Any CPU
		{84E65538-747C-4570-A243-404E7E0E35EC}.Release|Any CPU.Build.0 = Release|Any CPU
		{84E65538-747C-4570-A243-404E7E0E35EC}.Release|Any CPU.Deploy.0 = Release|Any CPU
		{4600A612-CA8E-4AC2-8167-799D367D4999}.Debug|Any CPU.ActiveCfg = Debug|Any CPU
		{4600A612-CA8E-4AC2-8167-799D367D4999}.Debug|Any CPU.Build.0 = Debug|Any CPU
		{4600A612-CA8E-4AC2-8167-799D367D4999}.Release|Any CPU.ActiveCfg = Release|Any CPU
		{4600A612-CA8E-4AC2-8167-799D367D4999}.Release|Any CPU.Build.0 = Release|Any CPU
		{4A9A0018-499E-4C45-9D3E-F38404E4D2E9}.Debug|Any CPU.ActiveCfg = Debug|Any CPU
		{4A9A0018-499E-4C45-9D3E-F38404E4D2E9}.Debug|Any CPU.Build.0 = Debug|Any CPU
		{4A9A0018-499E-4C45-9D3E-F38404E4D2E9}.Release|Any CPU.ActiveCfg = Release|Any CPU
		{4A9A0018-499E-4C45-9D3E-F38404E4D2E9}.Release|Any CPU.Build.0 = Release|Any CPU
		{8ED7F7CC-BD73-4DF7-BB07-7CE7A369C929}.Debug|Any CPU.ActiveCfg = Debug|Any CPU
		{8ED7F7CC-BD73-4DF7-BB07-7CE7A369C929}.Debug|Any CPU.Build.0 = Debug|Any CPU
		{8ED7F7CC-BD73-4DF7-BB07-7CE7A369C929}.Release|Any CPU.ActiveCfg = Release|Any CPU
		{8ED7F7CC-BD73-4DF7-BB07-7CE7A369C929}.Release|Any CPU.Build.0 = Release|Any CPU
		{27E4C7D5-6135-40BD-B38B-71FDFBF87359}.Debug|Any CPU.ActiveCfg = Debug|Any CPU
		{27E4C7D5-6135-40BD-B38B-71FDFBF87359}.Debug|Any CPU.Build.0 = Debug|Any CPU
		{27E4C7D5-6135-40BD-B38B-71FDFBF87359}.Release|Any CPU.ActiveCfg = Release|Any CPU
		{27E4C7D5-6135-40BD-B38B-71FDFBF87359}.Release|Any CPU.Build.0 = Release|Any CPU
		{B2986D6F-160A-4553-9B80-90FF0809EC3E}.Debug|Any CPU.ActiveCfg = Debug|Any CPU
		{B2986D6F-160A-4553-9B80-90FF0809EC3E}.Debug|Any CPU.Build.0 = Debug|Any CPU
		{B2986D6F-160A-4553-9B80-90FF0809EC3E}.Release|Any CPU.ActiveCfg = Release|Any CPU
		{B2986D6F-160A-4553-9B80-90FF0809EC3E}.Release|Any CPU.Build.0 = Release|Any CPU
		{2B84B041-BFAE-41F4-A428-E827FC33712E}.Debug|Any CPU.ActiveCfg = Debug|Any CPU
		{2B84B041-BFAE-41F4-A428-E827FC33712E}.Debug|Any CPU.Build.0 = Debug|Any CPU
		{2B84B041-BFAE-41F4-A428-E827FC33712E}.Release|Any CPU.ActiveCfg = Release|Any CPU
		{2B84B041-BFAE-41F4-A428-E827FC33712E}.Release|Any CPU.Build.0 = Release|Any CPU
	EndGlobalSection
	GlobalSection(SolutionProperties) = preSolution
		HideSolutionNode = FALSE
	EndGlobalSection
	GlobalSection(NestedProjects) = preSolution
		{84E65538-747C-4570-A243-404E7E0E35EC} = {4C9FE7E1-64B3-4C07-BB82-9CE60672011C}
		{4600A612-CA8E-4AC2-8167-799D367D4999} = {C7A4F3BA-A5DD-4DE2-88F3-4868DCB86305}
		{4A9A0018-499E-4C45-9D3E-F38404E4D2E9} = {C7A4F3BA-A5DD-4DE2-88F3-4868DCB86305}
		{8ED7F7CC-BD73-4DF7-BB07-7CE7A369C929} = {C7A4F3BA-A5DD-4DE2-88F3-4868DCB86305}
		{27E4C7D5-6135-40BD-B38B-71FDFBF87359} = {C7A4F3BA-A5DD-4DE2-88F3-4868DCB86305}
		{B2986D6F-160A-4553-9B80-90FF0809EC3E} = {36E3243E-12F6-49CB-AEF8-C3B0AB53A063}
		{2B84B041-BFAE-41F4-A428-E827FC33712E} = {36E3243E-12F6-49CB-AEF8-C3B0AB53A063}
	EndGlobalSection
	GlobalSection(ExtensibilityGlobals) = postSolution
		SolutionGuid = {AD2EFA98-ECFE-4118-81F6-493E2C8A017D}
	EndGlobalSection
EndGlobal
